// !$*UTF8*$!
{
	archiveVersion = 1;
	classes = {
	};
	objectVersion = 55;
	objects = {

/* Begin PBXBuildFile section */
		CEDD270828D17901004E822F /* UnitTestApp.swift in Sources */ = {isa = PBXBuildFile; fileRef = CEDD270728D17901004E822F /* UnitTestApp.swift */; };
		CEDD270A28D17901004E822F /* ContentView.swift in Sources */ = {isa = PBXBuildFile; fileRef = CEDD270928D17901004E822F /* ContentView.swift */; };
		CEDD270C28D17902004E822F /* Assets.xcassets in Resources */ = {isa = PBXBuildFile; fileRef = CEDD270B28D17902004E822F /* Assets.xcassets */; };
		CEDD270F28D17902004E822F /* Preview Assets.xcassets in Resources */ = {isa = PBXBuildFile; fileRef = CEDD270E28D17902004E822F /* Preview Assets.xcassets */; };
		CEDD271928D17902004E822F /* UnitTestTests.swift in Sources */ = {isa = PBXBuildFile; fileRef = CEDD271828D17902004E822F /* UnitTestTests.swift */; };
		CEDD272328D17902004E822F /* UnitTestUITests.swift in Sources */ = {isa = PBXBuildFile; fileRef = CEDD272228D17902004E822F /* UnitTestUITests.swift */; };
		CEDD272528D17902004E822F /* UnitTestUITestsLaunchTests.swift in Sources */ = {isa = PBXBuildFile; fileRef = CEDD272428D17902004E822F /* UnitTestUITestsLaunchTests.swift */; };
		CEDD273528D17E8F004E822F /* AccountData.swift in Sources */ = {isa = PBXBuildFile; fileRef = CEDD273428D17E8F004E822F /* AccountData.swift */; };
		CEDD273728D17F54004E822F /* ContentViewModel.swift in Sources */ = {isa = PBXBuildFile; fileRef = CEDD273628D17F54004E822F /* ContentViewModel.swift */; };
/* End PBXBuildFile section */

/* Begin PBXContainerItemProxy section */
		CEDD271528D17902004E822F /* PBXContainerItemProxy */ = {
			isa = PBXContainerItemProxy;
			containerPortal = CEDD26FC28D17901004E822F /* Project object */;
			proxyType = 1;
			remoteGlobalIDString = CEDD270328D17901004E822F;
			remoteInfo = UnitTest;
		};
		CEDD271F28D17902004E822F /* PBXContainerItemProxy */ = {
			isa = PBXContainerItemProxy;
			containerPortal = CEDD26FC28D17901004E822F /* Project object */;
			proxyType = 1;
			remoteGlobalIDString = CEDD270328D17901004E822F;
			remoteInfo = UnitTest;
		};
/* End PBXContainerItemProxy section */

/* Begin PBXFileReference section */
		CEDD270428D17901004E822F /* UnitTest.app */ = {isa = PBXFileReference; explicitFileType = wrapper.application; includeInIndex = 0; path = UnitTest.app; sourceTree = BUILT_PRODUCTS_DIR; };
		CEDD270728D17901004E822F /* UnitTestApp.swift */ = {isa = PBXFileReference; lastKnownFileType = sourcecode.swift; path = UnitTestApp.swift; sourceTree = "<group>"; };
		CEDD270928D17901004E822F /* ContentView.swift */ = {isa = PBXFileReference; lastKnownFileType = sourcecode.swift; path = ContentView.swift; sourceTree = "<group>"; };
		CEDD270B28D17902004E822F /* Assets.xcassets */ = {isa = PBXFileReference; lastKnownFileType = folder.assetcatalog; path = Assets.xcassets; sourceTree = "<group>"; };
		CEDD270E28D17902004E822F /* Preview Assets.xcassets */ = {isa = PBXFileReference; lastKnownFileType = folder.assetcatalog; path = "Preview Assets.xcassets"; sourceTree = "<group>"; };
		CEDD271428D17902004E822F /* UnitTestTests.xctest */ = {isa = PBXFileReference; explicitFileType = wrapper.cfbundle; includeInIndex = 0; path = UnitTestTests.xctest; sourceTree = BUILT_PRODUCTS_DIR; };
		CEDD271828D17902004E822F /* UnitTestTests.swift */ = {isa = PBXFileReference; lastKnownFileType = sourcecode.swift; path = UnitTestTests.swift; sourceTree = "<group>"; };
		CEDD271E28D17902004E822F /* UnitTestUITests.xctest */ = {isa = PBXFileReference; explicitFileType = wrapper.cfbundle; includeInIndex = 0; path = UnitTestUITests.xctest; sourceTree = BUILT_PRODUCTS_DIR; };
		CEDD272228D17902004E822F /* UnitTestUITests.swift */ = {isa = PBXFileReference; lastKnownFileType = sourcecode.swift; path = UnitTestUITests.swift; sourceTree = "<group>"; };
		CEDD272428D17902004E822F /* UnitTestUITestsLaunchTests.swift */ = {isa = PBXFileReference; lastKnownFileType = sourcecode.swift; path = UnitTestUITestsLaunchTests.swift; sourceTree = "<group>"; };
		CEDD273428D17E8F004E822F /* AccountData.swift */ = {isa = PBXFileReference; lastKnownFileType = sourcecode.swift; path = AccountData.swift; sourceTree = "<group>"; };
		CEDD273628D17F54004E822F /* ContentViewModel.swift */ = {isa = PBXFileReference; lastKnownFileType = sourcecode.swift; path = ContentViewModel.swift; sourceTree = "<group>"; };
/* End PBXFileReference section */

/* Begin PBXFrameworksBuildPhase section */
		CEDD270128D17901004E822F /* Frameworks */ = {
			isa = PBXFrameworksBuildPhase;
			buildActionMask = 2147483647;
			files = (
			);
			runOnlyForDeploymentPostprocessing = 0;
		};
		CEDD271128D17902004E822F /* Frameworks */ = {
			isa = PBXFrameworksBuildPhase;
			buildActionMask = 2147483647;
			files = (
			);
			runOnlyForDeploymentPostprocessing = 0;
		};
		CEDD271B28D17902004E822F /* Frameworks */ = {
			isa = PBXFrameworksBuildPhase;
			buildActionMask = 2147483647;
			files = (
			);
			runOnlyForDeploymentPostprocessing = 0;
		};
/* End PBXFrameworksBuildPhase section */

/* Begin PBXGroup section */
		CEDD26FB28D17901004E822F = {
			isa = PBXGroup;
			children = (
				CEDD270628D17901004E822F /* UnitTest */,
				CEDD271728D17902004E822F /* UnitTestTests */,
				CEDD272128D17902004E822F /* UnitTestUITests */,
				CEDD270528D17901004E822F /* Products */,
			);
			sourceTree = "<group>";
		};
		CEDD270528D17901004E822F /* Products */ = {
			isa = PBXGroup;
			children = (
				CEDD270428D17901004E822F /* UnitTest.app */,
				CEDD271428D17902004E822F /* UnitTestTests.xctest */,
				CEDD271E28D17902004E822F /* UnitTestUITests.xctest */,
			);
			name = Products;
			sourceTree = "<group>";
		};
		CEDD270628D17901004E822F /* UnitTest */ = {
			isa = PBXGroup;
			children = (
				CEDD273328D17E66004E822F /* ViewMdoel */,
				CEDD273228D17E58004E822F /* Model */,
				CEDD273128D17E56004E822F /* UI */,
				CEDD270728D17901004E822F /* UnitTestApp.swift */,
				CEDD270B28D17902004E822F /* Assets.xcassets */,
				CEDD270D28D17902004E822F /* Preview Content */,
			);
			path = UnitTest;
			sourceTree = "<group>";
		};
		CEDD270D28D17902004E822F /* Preview Content */ = {
			isa = PBXGroup;
			children = (
				CEDD270E28D17902004E822F /* Preview Assets.xcassets */,
			);
			path = "Preview Content";
			sourceTree = "<group>";
		};
		CEDD271728D17902004E822F /* UnitTestTests */ = {
			isa = PBXGroup;
			children = (
				CEDD271828D17902004E822F /* UnitTestTests.swift */,
			);
			path = UnitTestTests;
			sourceTree = "<group>";
		};
		CEDD272128D17902004E822F /* UnitTestUITests */ = {
			isa = PBXGroup;
			children = (
				CEDD272228D17902004E822F /* UnitTestUITests.swift */,
				CEDD272428D17902004E822F /* UnitTestUITestsLaunchTests.swift */,
			);
			path = UnitTestUITests;
			sourceTree = "<group>";
		};
		CEDD273128D17E56004E822F /* UI */ = {
			isa = PBXGroup;
			children = (
				CEDD270928D17901004E822F /* ContentView.swift */,
			);
			path = UI;
			sourceTree = "<group>";
		};
		CEDD273228D17E58004E822F /* Model */ = {
			isa = PBXGroup;
			children = (
				CEDD273428D17E8F004E822F /* AccountData.swift */,
			);
			path = Model;
			sourceTree = "<group>";
		};
		CEDD273328D17E66004E822F /* ViewMdoel */ = {
			isa = PBXGroup;
			children = (
				CEDD273628D17F54004E822F /* ContentViewModel.swift */,
			);
			path = ViewMdoel;
			sourceTree = "<group>";
		};
/* End PBXGroup section */

/* Begin PBXNativeTarget section */
		CEDD270328D17901004E822F /* UnitTest */ = {
			isa = PBXNativeTarget;
			buildConfigurationList = CEDD272828D17902004E822F /* Build configuration list for PBXNativeTarget "UnitTest" */;
			buildPhases = (
				CEDD270028D17901004E822F /* Sources */,
				CEDD270128D17901004E822F /* Frameworks */,
				CEDD270228D17901004E822F /* Resources */,
			);
			buildRules = (
			);
			dependencies = (
			);
			name = UnitTest;
			productName = UnitTest;
			productReference = CEDD270428D17901004E822F /* UnitTest.app */;
			productType = "com.apple.product-type.application";
		};
		CEDD271328D17902004E822F /* UnitTestTests */ = {
			isa = PBXNativeTarget;
			buildConfigurationList = CEDD272B28D17902004E822F /* Build configuration list for PBXNativeTarget "UnitTestTests" */;
			buildPhases = (
				CEDD271028D17902004E822F /* Sources */,
				CEDD271128D17902004E822F /* Frameworks */,
				CEDD271228D17902004E822F /* Resources */,
			);
			buildRules = (
			);
			dependencies = (
				CEDD271628D17902004E822F /* PBXTargetDependency */,
			);
			name = UnitTestTests;
			productName = UnitTestTests;
			productReference = CEDD271428D17902004E822F /* UnitTestTests.xctest */;
			productType = "com.apple.product-type.bundle.unit-test";
		};
		CEDD271D28D17902004E822F /* UnitTestUITests */ = {
			isa = PBXNativeTarget;
			buildConfigurationList = CEDD272E28D17902004E822F /* Build configuration list for PBXNativeTarget "UnitTestUITests" */;
			buildPhases = (
				CEDD271A28D17902004E822F /* Sources */,
				CEDD271B28D17902004E822F /* Frameworks */,
				CEDD271C28D17902004E822F /* Resources */,
			);
			buildRules = (
			);
			dependencies = (
				CEDD272028D17902004E822F /* PBXTargetDependency */,
			);
			name = UnitTestUITests;
			productName = UnitTestUITests;
			productReference = CEDD271E28D17902004E822F /* UnitTestUITests.xctest */;
			productType = "com.apple.product-type.bundle.ui-testing";
		};
/* End PBXNativeTarget section */

/* Begin PBXProject section */
		CEDD26FC28D17901004E822F /* Project object */ = {
			isa = PBXProject;
			attributes = {
				BuildIndependentTargetsInParallel = 1;
				LastSwiftUpdateCheck = 1340;
				LastUpgradeCheck = 1340;
				TargetAttributes = {
					CEDD270328D17901004E822F = {
						CreatedOnToolsVersion = 13.4.1;
					};
					CEDD271328D17902004E822F = {
						CreatedOnToolsVersion = 13.4.1;
						TestTargetID = CEDD270328D17901004E822F;
					};
					CEDD271D28D17902004E822F = {
						CreatedOnToolsVersion = 13.4.1;
						TestTargetID = CEDD270328D17901004E822F;
					};
				};
			};
			buildConfigurationList = CEDD26FF28D17901004E822F /* Build configuration list for PBXProject "UnitTest" */;
			compatibilityVersion = "Xcode 13.0";
			developmentRegion = en;
			hasScannedForEncodings = 0;
			knownRegions = (
				en,
				Base,
			);
			mainGroup = CEDD26FB28D17901004E822F;
			productRefGroup = CEDD270528D17901004E822F /* Products */;
			projectDirPath = "";
			projectRoot = "";
			targets = (
				CEDD270328D17901004E822F /* UnitTest */,
				CEDD271328D17902004E822F /* UnitTestTests */,
				CEDD271D28D17902004E822F /* UnitTestUITests */,
			);
		};
/* End PBXProject section */

/* Begin PBXResourcesBuildPhase section */
		CEDD270228D17901004E822F /* Resources */ = {
			isa = PBXResourcesBuildPhase;
			buildActionMask = 2147483647;
			files = (
				CEDD270F28D17902004E822F /* Preview Assets.xcassets in Resources */,
				CEDD270C28D17902004E822F /* Assets.xcassets in Resources */,
			);
			runOnlyForDeploymentPostprocessing = 0;
		};
		CEDD271228D17902004E822F /* Resources */ = {
			isa = PBXResourcesBuildPhase;
			buildActionMask = 2147483647;
			files = (
			);
			runOnlyForDeploymentPostprocessing = 0;
		};
		CEDD271C28D17902004E822F /* Resources */ = {
			isa = PBXResourcesBuildPhase;
			buildActionMask = 2147483647;
			files = (
			);
			runOnlyForDeploymentPostprocessing = 0;
		};
/* End PBXResourcesBuildPhase section */

/* Begin PBXSourcesBuildPhase section */
		CEDD270028D17901004E822F /* Sources */ = {
			isa = PBXSourcesBuildPhase;
			buildActionMask = 2147483647;
			files = (
				CEDD273728D17F54004E822F /* ContentViewModel.swift in Sources */,
				CEDD270A28D17901004E822F /* ContentView.swift in Sources */,
				CEDD273528D17E8F004E822F /* AccountData.swift in Sources */,
				CEDD270828D17901004E822F /* UnitTestApp.swift in Sources */,
			);
			runOnlyForDeploymentPostprocessing = 0;
		};
		CEDD271028D17902004E822F /* Sources */ = {
			isa = PBXSourcesBuildPhase;
			buildActionMask = 2147483647;
			files = (
				CEDD271928D17902004E822F /* UnitTestTests.swift in Sources */,
			);
			runOnlyForDeploymentPostprocessing = 0;
		};
		CEDD271A28D17902004E822F /* Sources */ = {
			isa = PBXSourcesBuildPhase;
			buildActionMask = 2147483647;
			files = (
				CEDD272528D17902004E822F /* UnitTestUITestsLaunchTests.swift in Sources */,
				CEDD272328D17902004E822F /* UnitTestUITests.swift in Sources */,
			);
			runOnlyForDeploymentPostprocessing = 0;
		};
/* End PBXSourcesBuildPhase section */

/* Begin PBXTargetDependency section */
		CEDD271628D17902004E822F /* PBXTargetDependency */ = {
			isa = PBXTargetDependency;
			target = CEDD270328D17901004E822F /* UnitTest */;
			targetProxy = CEDD271528D17902004E822F /* PBXContainerItemProxy */;
		};
		CEDD272028D17902004E822F /* PBXTargetDependency */ = {
			isa = PBXTargetDependency;
			target = CEDD270328D17901004E822F /* UnitTest */;
			targetProxy = CEDD271F28D17902004E822F /* PBXContainerItemProxy */;
		};
/* End PBXTargetDependency section */

/* Begin XCBuildConfiguration section */
		CEDD272628D17902004E822F /* Debug */ = {
			isa = XCBuildConfiguration;
			buildSettings = {
				ALWAYS_SEARCH_USER_PATHS = NO;
				CLANG_ANALYZER_NONNULL = YES;
				CLANG_ANALYZER_NUMBER_OBJECT_CONVERSION = YES_AGGRESSIVE;
				CLANG_CXX_LANGUAGE_STANDARD = "gnu++17";
				CLANG_ENABLE_MODULES = YES;
				CLANG_ENABLE_OBJC_ARC = YES;
				CLANG_ENABLE_OBJC_WEAK = YES;
				CLANG_WARN_BLOCK_CAPTURE_AUTORELEASING = YES;
				CLANG_WARN_BOOL_CONVERSION = YES;
				CLANG_WARN_COMMA = YES;
				CLANG_WARN_CONSTANT_CONVERSION = YES;
				CLANG_WARN_DEPRECATED_OBJC_IMPLEMENTATIONS = YES;
				CLANG_WARN_DIRECT_OBJC_ISA_USAGE = YES_ERROR;
				CLANG_WARN_DOCUMENTATION_COMMENTS = YES;
				CLANG_WARN_EMPTY_BODY = YES;
				CLANG_WARN_ENUM_CONVERSION = YES;
				CLANG_WARN_INFINITE_RECURSION = YES;
				CLANG_WARN_INT_CONVERSION = YES;
				CLANG_WARN_NON_LITERAL_NULL_CONVERSION = YES;
				CLANG_WARN_OBJC_IMPLICIT_RETAIN_SELF = YES;
				CLANG_WARN_OBJC_LITERAL_CONVERSION = YES;
				CLANG_WARN_OBJC_ROOT_CLASS = YES_ERROR;
				CLANG_WARN_QUOTED_INCLUDE_IN_FRAMEWORK_HEADER = YES;
				CLANG_WARN_RANGE_LOOP_ANALYSIS = YES;
				CLANG_WARN_STRICT_PROTOTYPES = YES;
				CLANG_WARN_SUSPICIOUS_MOVE = YES;
				CLANG_WARN_UNGUARDED_AVAILABILITY = YES_AGGRESSIVE;
				CLANG_WARN_UNREACHABLE_CODE = YES;
				CLANG_WARN__DUPLICATE_METHOD_MATCH = YES;
				COPY_PHASE_STRIP = NO;
				DEBUG_INFORMATION_FORMAT = dwarf;
				ENABLE_STRICT_OBJC_MSGSEND = YES;
				ENABLE_TESTABILITY = YES;
				GCC_C_LANGUAGE_STANDARD = gnu11;
				GCC_DYNAMIC_NO_PIC = NO;
				GCC_NO_COMMON_BLOCKS = YES;
				GCC_OPTIMIZATION_LEVEL = 0;
				GCC_PREPROCESSOR_DEFINITIONS = (
					"DEBUG=1",
					"$(inherited)",
				);
				GCC_WARN_64_TO_32_BIT_CONVERSION = YES;
				GCC_WARN_ABOUT_RETURN_TYPE = YES_ERROR;
				GCC_WARN_UNDECLARED_SELECTOR = YES;
				GCC_WARN_UNINITIALIZED_AUTOS = YES_AGGRESSIVE;
				GCC_WARN_UNUSED_FUNCTION = YES;
				GCC_WARN_UNUSED_VARIABLE = YES;
				IPHONEOS_DEPLOYMENT_TARGET = 15.5;
				MTL_ENABLE_DEBUG_INFO = INCLUDE_SOURCE;
				MTL_FAST_MATH = YES;
				ONLY_ACTIVE_ARCH = YES;
				SDKROOT = iphoneos;
				SWIFT_ACTIVE_COMPILATION_CONDITIONS = DEBUG;
				SWIFT_OPTIMIZATION_LEVEL = "-Onone";
			};
			name = Debug;
		};
		CEDD272728D17902004E822F /* Release */ = {
			isa = XCBuildConfiguration;
			buildSettings = {
				ALWAYS_SEARCH_USER_PATHS = NO;
				CLANG_ANALYZER_NONNULL = YES;
				CLANG_ANALYZER_NUMBER_OBJECT_CONVERSION = YES_AGGRESSIVE;
				CLANG_CXX_LANGUAGE_STANDARD = "gnu++17";
				CLANG_ENABLE_MODULES = YES;
				CLANG_ENABLE_OBJC_ARC = YES;
				CLANG_ENABLE_OBJC_WEAK = YES;
				CLANG_WARN_BLOCK_CAPTURE_AUTORELEASING = YES;
				CLANG_WARN_BOOL_CONVERSION = YES;
				CLANG_WARN_COMMA = YES;
				CLANG_WARN_CONSTANT_CONVERSION = YES;
				CLANG_WARN_DEPRECATED_OBJC_IMPLEMENTATIONS = YES;
				CLANG_WARN_DIRECT_OBJC_ISA_USAGE = YES_ERROR;
				CLANG_WARN_DOCUMENTATION_COMMENTS = YES;
				CLANG_WARN_EMPTY_BODY = YES;
				CLANG_WARN_ENUM_CONVERSION = YES;
				CLANG_WARN_INFINITE_RECURSION = YES;
				CLANG_WARN_INT_CONVERSION = YES;
				CLANG_WARN_NON_LITERAL_NULL_CONVERSION = YES;
				CLANG_WARN_OBJC_IMPLICIT_RETAIN_SELF = YES;
				CLANG_WARN_OBJC_LITERAL_CONVERSION = YES;
				CLANG_WARN_OBJC_ROOT_CLASS = YES_ERROR;
				CLANG_WARN_QUOTED_INCLUDE_IN_FRAMEWORK_HEADER = YES;
				CLANG_WARN_RANGE_LOOP_ANALYSIS = YES;
				CLANG_WARN_STRICT_PROTOTYPES = YES;
				CLANG_WARN_SUSPICIOUS_MOVE = YES;
				CLANG_WARN_UNGUARDED_AVAILABILITY = YES_AGGRESSIVE;
				CLANG_WARN_UNREACHABLE_CODE = YES;
				CLANG_WARN__DUPLICATE_METHOD_MATCH = YES;
				COPY_PHASE_STRIP = NO;
				DEBUG_INFORMATION_FORMAT = "dwarf-with-dsym";
				ENABLE_NS_ASSERTIONS = NO;
				ENABLE_STRICT_OBJC_MSGSEND = YES;
				GCC_C_LANGUAGE_STANDARD = gnu11;
				GCC_NO_COMMON_BLOCKS = YES;
				GCC_WARN_64_TO_32_BIT_CONVERSION = YES;
				GCC_WARN_ABOUT_RETURN_TYPE = YES_ERROR;
				GCC_WARN_UNDECLARED_SELECTOR = YES;
				GCC_WARN_UNINITIALIZED_AUTOS = YES_AGGRESSIVE;
				GCC_WARN_UNUSED_FUNCTION = YES;
				GCC_WARN_UNUSED_VARIABLE = YES;
				IPHONEOS_DEPLOYMENT_TARGET = 15.5;
				MTL_ENABLE_DEBUG_INFO = NO;
				MTL_FAST_MATH = YES;
				SDKROOT = iphoneos;
				SWIFT_COMPILATION_MODE = wholemodule;
				SWIFT_OPTIMIZATION_LEVEL = "-O";
				VALIDATE_PRODUCT = YES;
			};
			name = Release;
		};
		CEDD272928D17902004E822F /* Debug */ = {
			isa = XCBuildConfiguration;
			buildSettings = {
				ASSETCATALOG_COMPILER_APPICON_NAME = AppIcon;
				ASSETCATALOG_COMPILER_GLOBAL_ACCENT_COLOR_NAME = AccentColor;
				CODE_SIGN_STYLE = Automatic;
				CURRENT_PROJECT_VERSION = 1;
				DEVELOPMENT_ASSET_PATHS = "\"UnitTest/Preview Content\"";
				DEVELOPMENT_TEAM = VH4AS5QT2C;
				ENABLE_PREVIEWS = YES;
				GENERATE_INFOPLIST_FILE = YES;
				INFOPLIST_KEY_UIApplicationSceneManifest_Generation = YES;
				INFOPLIST_KEY_UIApplicationSupportsIndirectInputEvents = YES;
				INFOPLIST_KEY_UILaunchScreen_Generation = YES;
				INFOPLIST_KEY_UISupportedInterfaceOrientations_iPad = "UIInterfaceOrientationPortrait UIInterfaceOrientationPortraitUpsideDown UIInterfaceOrientationLandscapeLeft UIInterfaceOrientationLandscapeRight";
				INFOPLIST_KEY_UISupportedInterfaceOrientations_iPhone = "UIInterfaceOrientationPortrait UIInterfaceOrientationLandscapeLeft UIInterfaceOrientationLandscapeRight";
				LD_RUNPATH_SEARCH_PATHS = (
					"$(inherited)",
					"@executable_path/Frameworks",
				);
				MARKETING_VERSION = 1.0;
				PRODUCT_BUNDLE_IDENTIFIER = com.UnitTest;
				PRODUCT_NAME = "$(TARGET_NAME)";
				SWIFT_EMIT_LOC_STRINGS = YES;
				SWIFT_VERSION = 5.0;
				TARGETED_DEVICE_FAMILY = "1,2";
			};
			name = Debug;
		};
		CEDD272A28D17902004E822F /* Release */ = {
			isa = XCBuildConfiguration;
			buildSettings = {
				ASSETCATALOG_COMPILER_APPICON_NAME = AppIcon;
				ASSETCATALOG_COMPILER_GLOBAL_ACCENT_COLOR_NAME = AccentColor;
				CODE_SIGN_STYLE = Automatic;
				CURRENT_PROJECT_VERSION = 1;
				DEVELOPMENT_ASSET_PATHS = "\"UnitTest/Preview Content\"";
				DEVELOPMENT_TEAM = VH4AS5QT2C;
				ENABLE_PREVIEWS = YES;
				GENERATE_INFOPLIST_FILE = YES;
				INFOPLIST_KEY_UIApplicationSceneManifest_Generation = YES;
				INFOPLIST_KEY_UIApplicationSupportsIndirectInputEvents = YES;
				INFOPLIST_KEY_UILaunchScreen_Generation = YES;
				INFOPLIST_KEY_UISupportedInterfaceOrientations_iPad = "UIInterfaceOrientationPortrait UIInterfaceOrientationPortraitUpsideDown UIInterfaceOrientationLandscapeLeft UIInterfaceOrientationLandscapeRight";
				INFOPLIST_KEY_UISupportedInterfaceOrientations_iPhone = "UIInterfaceOrientationPortrait UIInterfaceOrientationLandscapeLeft UIInterfaceOrientationLandscapeRight";
				LD_RUNPATH_SEARCH_PATHS = (
					"$(inherited)",
					"@executable_path/Frameworks",
				);
				MARKETING_VERSION = 1.0;
				PRODUCT_BUNDLE_IDENTIFIER = com.UnitTest;
				PRODUCT_NAME = "$(TARGET_NAME)";
				SWIFT_EMIT_LOC_STRINGS = YES;
				SWIFT_VERSION = 5.0;
				TARGETED_DEVICE_FAMILY = "1,2";
			};
			name = Release;
		};
		CEDD272C28D17902004E822F /* Debug */ = {
			isa = XCBuildConfiguration;
			buildSettings = {
				ALWAYS_EMBED_SWIFT_STANDARD_LIBRARIES = YES;
				BUNDLE_LOADER = "$(TEST_HOST)";
				CODE_SIGN_STYLE = Automatic;
				CURRENT_PROJECT_VERSION = 1;
				DEVELOPMENT_TEAM = VH4AS5QT2C;
				GENERATE_INFOPLIST_FILE = YES;
				IPHONEOS_DEPLOYMENT_TARGET = 15.5;
				MARKETING_VERSION = 1.0;
				PRODUCT_BUNDLE_IDENTIFIER = com.UnitTestTests;
				PRODUCT_NAME = "$(TARGET_NAME)";
				SWIFT_EMIT_LOC_STRINGS = NO;
				SWIFT_VERSION = 5.0;
				TARGETED_DEVICE_FAMILY = "1,2";
				TEST_HOST = "$(BUILT_PRODUCTS_DIR)/UnitTest.app/UnitTest";
			};
			name = Debug;
		};
		CEDD272D28D17902004E822F /* Release */ = {
			isa = XCBuildConfiguration;
			buildSettings = {
				ALWAYS_EMBED_SWIFT_STANDARD_LIBRARIES = YES;
				BUNDLE_LOADER = "$(TEST_HOST)";
				CODE_SIGN_STYLE = Automatic;
				CURRENT_PROJECT_VERSION = 1;
				DEVELOPMENT_TEAM = VH4AS5QT2C;
				GENERATE_INFOPLIST_FILE = YES;
				IPHONEOS_DEPLOYMENT_TARGET = 15.5;
				MARKETING_VERSION = 1.0;
				PRODUCT_BUNDLE_IDENTIFIER = com.UnitTestTests;
				PRODUCT_NAME = "$(TARGET_NAME)";
				SWIFT_EMIT_LOC_STRINGS = NO;
				SWIFT_VERSION = 5.0;
				TARGETED_DEVICE_FAMILY = "1,2";
				TEST_HOST = "$(BUILT_PRODUCTS_DIR)/UnitTest.app/UnitTest";
			};
			name = Release;
		};
		CEDD272F28D17902004E822F /* Debug */ = {
			isa = XCBuildConfiguration;
			buildSettings = {
				ALWAYS_EMBED_SWIFT_STANDARD_LIBRARIES = YES;
				CODE_SIGN_STYLE = Automatic;
				CURRENT_PROJECT_VERSION = 1;
				DEVELOPMENT_TEAM = VH4AS5QT2C;
				GENERATE_INFOPLIST_FILE = YES;
				MARKETING_VERSION = 1.0;
				PRODUCT_BUNDLE_IDENTIFIER = com.UnitTestUITests;
				PRODUCT_NAME = "$(TARGET_NAME)";
				SWIFT_EMIT_LOC_STRINGS = NO;
				SWIFT_VERSION = 5.0;
				TARGETED_DEVICE_FAMILY = "1,2";
				TEST_TARGET_NAME = UnitTest;
			};
			name = Debug;
		};
		CEDD273028D17902004E822F /* Release */ = {
			isa = XCBuildConfiguration;
			buildSettings = {
				ALWAYS_EMBED_SWIFT_STANDARD_LIBRARIES = YES;
				CODE_SIGN_STYLE = Automatic;
				CURRENT_PROJECT_VERSION = 1;
				DEVELOPMENT_TEAM = VH4AS5QT2C;
				GENERATE_INFOPLIST_FILE = YES;
				MARKETING_VERSION = 1.0;
				PRODUCT_BUNDLE_IDENTIFIER = com.UnitTestUITests;
				PRODUCT_NAME = "$(TARGET_NAME)";
				SWIFT_EMIT_LOC_STRINGS = NO;
				SWIFT_VERSION = 5.0;
				TARGETED_DEVICE_FAMILY = "1,2";
				TEST_TARGET_NAME = UnitTest;
			};
			name = Release;
		};
/* End XCBuildConfiguration section */

/* Begin XCConfigurationList section */
		CEDD26FF28D17901004E822F /* Build configuration list for PBXProject "UnitTest" */ = {
			isa = XCConfigurationList;
			buildConfigurations = (
				CEDD272628D17902004E822F /* Debug */,
				CEDD272728D17902004E822F /* Release */,
			);
			defaultConfigurationIsVisible = 0;
			defaultConfigurationName = Release;
		};
		CEDD272828D17902004E822F /* Build configuration list for PBXNativeTarget "UnitTest" */ = {
			isa = XCConfigurationList;
			buildConfigurations = (
				CEDD272928D17902004E822F /* Debug */,
				CEDD272A28D17902004E822F /* Release */,
			);
			defaultConfigurationIsVisible = 0;
			defaultConfigurationName = Release;
		};
		CEDD272B28D17902004E822F /* Build configuration list for PBXNativeTarget "UnitTestTests" */ = {
			isa = XCConfigurationList;
			buildConfigurations = (
				CEDD272C28D17902004E822F /* Debug */,
				CEDD272D28D17902004E822F /* Release */,
			);
			defaultConfigurationIsVisible = 0;
			defaultConfigurationName = Release;
		};
		CEDD272E28D17902004E822F /* Build configuration list for PBXNativeTarget "UnitTestUITests" */ = {
			isa = XCConfigurationList;
			buildConfigurations = (
				CEDD272F28D17902004E822F /* Debug */,
				CEDD273028D17902004E822F /* Release */,
			);
			defaultConfigurationIsVisible = 0;
			defaultConfigurationName = Release;
		};
/* End XCConfigurationList section */
	};
	rootObject = CEDD26FC28D17901004E822F /* Project object */;
}
